
Microsoft Visual Studio Solution File, Format Version 12.00
# Visual Studio Version 16
VisualStudioVersion = 16.0.31605.320
MinimumVisualStudioVersion = 10.0.40219.1
Project("{2150E333-8FDC-42A3-9474-1A3956D46DE8}") = "ClassroomExercises", "ClassroomExercises", "{72A7844A-494F-405B-8DD2-3AEACC5322ED}"
EndProject
Project("{2150E333-8FDC-42A3-9474-1A3956D46DE8}") = "Week-01", "Week-01", "{64B0559C-497F-47C6-B5FA-473912904522}"
EndProject
Project("{8BC9CEB8-8B4A-11D0-8D11-00A0C91BC942}") = "problem1", "ClassroomExercises\Week-01\problem1\problem1.vcxproj", "{A88486AD-4AB8-488B-AE1A-1D59D16109B9}"
EndProject
Project("{8BC9CEB8-8B4A-11D0-8D11-00A0C91BC942}") = "problem2", "ClassroomExercises\Week-01\problem2\problem2.vcxproj", "{A43895B5-B495-40BD-B4D0-9B7C51576402}"
EndProject
Global
	GlobalSection(SolutionConfigurationPlatforms) = preSolution
		Debug|x64 = Debug|x64
		Debug|x86 = Debug|x86
		Release|x64 = Release|x64
		Release|x86 = Release|x86
	EndGlobalSection
	GlobalSection(ProjectConfigurationPlatforms) = postSolution
		{A88486AD-4AB8-488B-AE1A-1D59D16109B9}.Debug|x64.ActiveCfg = Debug|x64
		{A88486AD-4AB8-488B-AE1A-1D59D16109B9}.Debug|x64.Build.0 = Debug|x64
		{A88486AD-4AB8-488B-AE1A-1D59D16109B9}.Debug|x86.ActiveCfg = Debug|Win32
		{A88486AD-4AB8-488B-AE1A-1D59D16109B9}.Debug|x86.Build.0 = Debug|Win32
		{A88486AD-4AB8-488B-AE1A-1D59D16109B9}.Release|x64.ActiveCfg = Release|x64
		{A88486AD-4AB8-488B-AE1A-1D59D16109B9}.Release|x64.Build.0 = Release|x64
		{A88486AD-4AB8-488B-AE1A-1D59D16109B9}.Release|x86.ActiveCfg = Release|Win32
		{A88486AD-4AB8-488B-AE1A-1D59D16109B9}.Release|x86.Build.0 = Release|Win32
		{A43895B5-B495-40BD-B4D0-9B7C51576402}.Debug|x64.ActiveCfg = Debug|x64
		{A43895B5-B495-40BD-B4D0-9B7C51576402}.Debug|x64.Build.0 = Debug|x64
		{A43895B5-B495-40BD-B4D0-9B7C51576402}.Debug|x86.ActiveCfg = Debug|Win32
		{A43895B5-B495-40BD-B4D0-9B7C51576402}.Debug|x86.Build.0 = Debug|Win32
		{A43895B5-B495-40BD-B4D0-9B7C51576402}.Release|x64.ActiveCfg = Release|x64
		{A43895B5-B495-40BD-B4D0-9B7C51576402}.Release|x64.Build.0 = Release|x64
		{A43895B5-B495-40BD-B4D0-9B7C51576402}.Release|x86.ActiveCfg = Release|Win32
		{A43895B5-B495-40BD-B4D0-9B7C51576402}.Release|x86.Build.0 = Release|Win32
	EndGlobalSection
	GlobalSection(SolutionProperties) = preSolution
		HideSolutionNode = FALSE
	EndGlobalSection
	GlobalSection(NestedProjects) = preSolution
		{64B0559C-497F-47C6-B5FA-473912904522} = {72A7844A-494F-405B-8DD2-3AEACC5322ED}
		{A88486AD-4AB8-488B-AE1A-1D59D16109B9} = {64B0559C-497F-47C6-B5FA-473912904522}
		{A43895B5-B495-40BD-B4D0-9B7C51576402} = {64B0559C-497F-47C6-B5FA-473912904522}
	EndGlobalSection
	GlobalSection(ExtensibilityGlobals) = postSolution
		SolutionGuid = {8E33BCAD-4387-4A1F-98E7-278823DECA82}
	EndGlobalSection
EndGlobal
