
Microsoft Visual Studio Solution File, Format Version 12.00
# Visual Studio Version 16
VisualStudioVersion = 16.0.31605.320
MinimumVisualStudioVersion = 10.0.40219.1
Project("{2150E333-8FDC-42A3-9474-1A3956D46DE8}") = "ClassroomExercises", "ClassroomExercises", "{72A7844A-494F-405B-8DD2-3AEACC5322ED}"
EndProject
Project("{2150E333-8FDC-42A3-9474-1A3956D46DE8}") = "Week-01", "Week-01", "{64B0559C-497F-47C6-B5FA-473912904522}"
EndProject
Project("{8BC9CEB8-8B4A-11D0-8D11-00A0C91BC942}") = "problem1", "ClassroomExercises\Week-01\problem1\problem1.vcxproj", "{A88486AD-4AB8-488B-AE1A-1D59D16109B9}"
EndProject
Project("{8BC9CEB8-8B4A-11D0-8D11-00A0C91BC942}") = "problem2", "ClassroomExercises\Week-01\problem2\problem2.vcxproj", "{A43895B5-B495-40BD-B4D0-9B7C51576402}"
EndProject
Project("{2150E333-8FDC-42A3-9474-1A3956D46DE8}") = "Week-02", "Week-02", "{75C0ED22-F030-4D28-BCC0-E2096C42C988}"
EndProject
Project("{8BC9CEB8-8B4A-11D0-8D11-00A0C91BC942}") = "problem4", "ClassroomExercises\Week-02\problem4\problem4.vcxproj", "{B94F6189-BEFA-441F-BFF4-A1FC68FD93E8}"
EndProject
Project("{2150E333-8FDC-42A3-9474-1A3956D46DE8}") = "Week-03", "Week-03", "{7CF7464F-5AC1-4396-9B8C-5010A456DC34}"
EndProject
Project("{8BC9CEB8-8B4A-11D0-8D11-00A0C91BC942}") = "problem1", "ClassroomExercises\Week-03\problem1\problem1.vcxproj", "{F727FA97-FC8D-490F-A5FB-514FD3E53EB6}"
EndProject
Project("{8BC9CEB8-8B4A-11D0-8D11-00A0C91BC942}") = "problem2", "ClassroomExercises\Week-03\problem2\problem2.vcxproj", "{A0326BCD-983E-4CB9-B1AE-DFCDE54D2ADD}"
EndProject
Project("{2150E333-8FDC-42A3-9474-1A3956D46DE8}") = "Week-04", "Week-04", "{9969CF36-5B15-4856-8E2C-B57B53D02C44}"
EndProject
Project("{8BC9CEB8-8B4A-11D0-8D11-00A0C91BC942}") = "problem1", "ClassroomExercises\Week-04\problem1\problem1.vcxproj", "{8DDA7D77-994C-4224-B89B-0195FE85C4A6}"
EndProject
Project("{8BC9CEB8-8B4A-11D0-8D11-00A0C91BC942}") = "problem2", "ClassroomExercises\Week-04\problem2\problem2.vcxproj", "{D3672A37-8B6A-4956-A500-7D13B23049AB}"
EndProject
Project("{8BC9CEB8-8B4A-11D0-8D11-00A0C91BC942}") = "problem3", "ClassroomExercises\Week-04\problem3\problem3.vcxproj", "{B0AB00EE-A9A6-4CC1-9EE7-ABF0C570A987}"
EndProject
Project("{2150E333-8FDC-42A3-9474-1A3956D46DE8}") = "Week-05", "Week-05", "{83B70119-EFD9-4353-A68B-0B529B46270C}"
EndProject
Project("{8BC9CEB8-8B4A-11D0-8D11-00A0C91BC942}") = "problem1", "ClassroomExercises\Week-05\problem1\problem1.vcxproj", "{80BDFF39-C2D9-4572-AE78-C0DC3EF524F5}"
EndProject
Project("{8BC9CEB8-8B4A-11D0-8D11-00A0C91BC942}") = "problem2", "ClassroomExercises\Week-05\problem2\problem2.vcxproj", "{2FF5F15C-865E-4BB8-9820-700A046F5C0B}"
EndProject
Project("{2150E333-8FDC-42A3-9474-1A3956D46DE8}") = "Week-06", "Week-06", "{933DD868-389E-4855-B4E1-AE57EC90059D}"
EndProject
Project("{8BC9CEB8-8B4A-11D0-8D11-00A0C91BC942}") = "problem1", "ClassroomExercises\Week-06\problem1\problem1.vcxproj", "{D1D91F72-1EDC-47D6-8D4E-2221581D85FA}"
EndProject
Project("{8BC9CEB8-8B4A-11D0-8D11-00A0C91BC942}") = "practice", "ClassroomExercises\Week-06\practice\practice.vcxproj", "{DB29BE03-2D97-494E-95FD-8B580E890899}"
EndProject
Project("{2150E333-8FDC-42A3-9474-1A3956D46DE8}") = "PA1", "PA1", "{39626E8D-24ED-43CB-9943-4C9B10550317}"
EndProject
Project("{8BC9CEB8-8B4A-11D0-8D11-00A0C91BC942}") = "problem3", "PA1\problem3\problem3.vcxproj", "{79B4A022-3E85-463A-8453-4AC4C9F6B6D7}"
EndProject
Project("{2150E333-8FDC-42A3-9474-1A3956D46DE8}") = "Practices", "Practices", "{00A1B285-7C18-4B1F-BBF5-B477FA732530}"
EndProject
Project("{8BC9CEB8-8B4A-11D0-8D11-00A0C91BC942}") = "PC1", "Practices\PC1\PC1.vcxproj", "{6A196D48-9182-4E78-9D38-69F71FE2B971}"
EndProject
Global
	GlobalSection(SolutionConfigurationPlatforms) = preSolution
		Debug|x64 = Debug|x64
		Debug|x86 = Debug|x86
		Release|x64 = Release|x64
		Release|x86 = Release|x86
	EndGlobalSection
	GlobalSection(ProjectConfigurationPlatforms) = postSolution
		{A88486AD-4AB8-488B-AE1A-1D59D16109B9}.Debug|x64.ActiveCfg = Debug|x64
		{A88486AD-4AB8-488B-AE1A-1D59D16109B9}.Debug|x64.Build.0 = Debug|x64
		{A88486AD-4AB8-488B-AE1A-1D59D16109B9}.Debug|x86.ActiveCfg = Debug|Win32
		{A88486AD-4AB8-488B-AE1A-1D59D16109B9}.Debug|x86.Build.0 = Debug|Win32
		{A88486AD-4AB8-488B-AE1A-1D59D16109B9}.Release|x64.ActiveCfg = Release|x64
		{A88486AD-4AB8-488B-AE1A-1D59D16109B9}.Release|x64.Build.0 = Release|x64
		{A88486AD-4AB8-488B-AE1A-1D59D16109B9}.Release|x86.ActiveCfg = Release|Win32
		{A88486AD-4AB8-488B-AE1A-1D59D16109B9}.Release|x86.Build.0 = Release|Win32
		{A43895B5-B495-40BD-B4D0-9B7C51576402}.Debug|x64.ActiveCfg = Debug|x64
		{A43895B5-B495-40BD-B4D0-9B7C51576402}.Debug|x64.Build.0 = Debug|x64
		{A43895B5-B495-40BD-B4D0-9B7C51576402}.Debug|x86.ActiveCfg = Debug|Win32
		{A43895B5-B495-40BD-B4D0-9B7C51576402}.Debug|x86.Build.0 = Debug|Win32
		{A43895B5-B495-40BD-B4D0-9B7C51576402}.Release|x64.ActiveCfg = Release|x64
		{A43895B5-B495-40BD-B4D0-9B7C51576402}.Release|x64.Build.0 = Release|x64
		{A43895B5-B495-40BD-B4D0-9B7C51576402}.Release|x86.ActiveCfg = Release|Win32
		{A43895B5-B495-40BD-B4D0-9B7C51576402}.Release|x86.Build.0 = Release|Win32
		{B94F6189-BEFA-441F-BFF4-A1FC68FD93E8}.Debug|x64.ActiveCfg = Debug|x64
		{B94F6189-BEFA-441F-BFF4-A1FC68FD93E8}.Debug|x64.Build.0 = Debug|x64
		{B94F6189-BEFA-441F-BFF4-A1FC68FD93E8}.Debug|x86.ActiveCfg = Debug|Win32
		{B94F6189-BEFA-441F-BFF4-A1FC68FD93E8}.Debug|x86.Build.0 = Debug|Win32
		{B94F6189-BEFA-441F-BFF4-A1FC68FD93E8}.Release|x64.ActiveCfg = Release|x64
		{B94F6189-BEFA-441F-BFF4-A1FC68FD93E8}.Release|x64.Build.0 = Release|x64
		{B94F6189-BEFA-441F-BFF4-A1FC68FD93E8}.Release|x86.ActiveCfg = Release|Win32
		{B94F6189-BEFA-441F-BFF4-A1FC68FD93E8}.Release|x86.Build.0 = Release|Win32
		{F727FA97-FC8D-490F-A5FB-514FD3E53EB6}.Debug|x64.ActiveCfg = Debug|x64
		{F727FA97-FC8D-490F-A5FB-514FD3E53EB6}.Debug|x64.Build.0 = Debug|x64
		{F727FA97-FC8D-490F-A5FB-514FD3E53EB6}.Debug|x86.ActiveCfg = Debug|Win32
		{F727FA97-FC8D-490F-A5FB-514FD3E53EB6}.Debug|x86.Build.0 = Debug|Win32
		{F727FA97-FC8D-490F-A5FB-514FD3E53EB6}.Release|x64.ActiveCfg = Release|x64
		{F727FA97-FC8D-490F-A5FB-514FD3E53EB6}.Release|x64.Build.0 = Release|x64
		{F727FA97-FC8D-490F-A5FB-514FD3E53EB6}.Release|x86.ActiveCfg = Release|Win32
		{F727FA97-FC8D-490F-A5FB-514FD3E53EB6}.Release|x86.Build.0 = Release|Win32
		{A0326BCD-983E-4CB9-B1AE-DFCDE54D2ADD}.Debug|x64.ActiveCfg = Debug|x64
		{A0326BCD-983E-4CB9-B1AE-DFCDE54D2ADD}.Debug|x64.Build.0 = Debug|x64
		{A0326BCD-983E-4CB9-B1AE-DFCDE54D2ADD}.Debug|x86.ActiveCfg = Debug|Win32
		{A0326BCD-983E-4CB9-B1AE-DFCDE54D2ADD}.Debug|x86.Build.0 = Debug|Win32
		{A0326BCD-983E-4CB9-B1AE-DFCDE54D2ADD}.Release|x64.ActiveCfg = Release|x64
		{A0326BCD-983E-4CB9-B1AE-DFCDE54D2ADD}.Release|x64.Build.0 = Release|x64
		{A0326BCD-983E-4CB9-B1AE-DFCDE54D2ADD}.Release|x86.ActiveCfg = Release|Win32
		{A0326BCD-983E-4CB9-B1AE-DFCDE54D2ADD}.Release|x86.Build.0 = Release|Win32
		{8DDA7D77-994C-4224-B89B-0195FE85C4A6}.Debug|x64.ActiveCfg = Debug|x64
		{8DDA7D77-994C-4224-B89B-0195FE85C4A6}.Debug|x64.Build.0 = Debug|x64
		{8DDA7D77-994C-4224-B89B-0195FE85C4A6}.Debug|x86.ActiveCfg = Debug|Win32
		{8DDA7D77-994C-4224-B89B-0195FE85C4A6}.Debug|x86.Build.0 = Debug|Win32
		{8DDA7D77-994C-4224-B89B-0195FE85C4A6}.Release|x64.ActiveCfg = Release|x64
		{8DDA7D77-994C-4224-B89B-0195FE85C4A6}.Release|x64.Build.0 = Release|x64
		{8DDA7D77-994C-4224-B89B-0195FE85C4A6}.Release|x86.ActiveCfg = Release|Win32
		{8DDA7D77-994C-4224-B89B-0195FE85C4A6}.Release|x86.Build.0 = Release|Win32
		{D3672A37-8B6A-4956-A500-7D13B23049AB}.Debug|x64.ActiveCfg = Debug|x64
		{D3672A37-8B6A-4956-A500-7D13B23049AB}.Debug|x64.Build.0 = Debug|x64
		{D3672A37-8B6A-4956-A500-7D13B23049AB}.Debug|x86.ActiveCfg = Debug|Win32
		{D3672A37-8B6A-4956-A500-7D13B23049AB}.Debug|x86.Build.0 = Debug|Win32
		{D3672A37-8B6A-4956-A500-7D13B23049AB}.Release|x64.ActiveCfg = Release|x64
		{D3672A37-8B6A-4956-A500-7D13B23049AB}.Release|x64.Build.0 = Release|x64
		{D3672A37-8B6A-4956-A500-7D13B23049AB}.Release|x86.ActiveCfg = Release|Win32
		{D3672A37-8B6A-4956-A500-7D13B23049AB}.Release|x86.Build.0 = Release|Win32
		{B0AB00EE-A9A6-4CC1-9EE7-ABF0C570A987}.Debug|x64.ActiveCfg = Debug|x64
		{B0AB00EE-A9A6-4CC1-9EE7-ABF0C570A987}.Debug|x64.Build.0 = Debug|x64
		{B0AB00EE-A9A6-4CC1-9EE7-ABF0C570A987}.Debug|x86.ActiveCfg = Debug|Win32
		{B0AB00EE-A9A6-4CC1-9EE7-ABF0C570A987}.Debug|x86.Build.0 = Debug|Win32
		{B0AB00EE-A9A6-4CC1-9EE7-ABF0C570A987}.Release|x64.ActiveCfg = Release|x64
		{B0AB00EE-A9A6-4CC1-9EE7-ABF0C570A987}.Release|x64.Build.0 = Release|x64
		{B0AB00EE-A9A6-4CC1-9EE7-ABF0C570A987}.Release|x86.ActiveCfg = Release|Win32
		{B0AB00EE-A9A6-4CC1-9EE7-ABF0C570A987}.Release|x86.Build.0 = Release|Win32
		{80BDFF39-C2D9-4572-AE78-C0DC3EF524F5}.Debug|x64.ActiveCfg = Debug|x64
		{80BDFF39-C2D9-4572-AE78-C0DC3EF524F5}.Debug|x64.Build.0 = Debug|x64
		{80BDFF39-C2D9-4572-AE78-C0DC3EF524F5}.Debug|x86.ActiveCfg = Debug|Win32
		{80BDFF39-C2D9-4572-AE78-C0DC3EF524F5}.Debug|x86.Build.0 = Debug|Win32
		{80BDFF39-C2D9-4572-AE78-C0DC3EF524F5}.Release|x64.ActiveCfg = Release|x64
		{80BDFF39-C2D9-4572-AE78-C0DC3EF524F5}.Release|x64.Build.0 = Release|x64
		{80BDFF39-C2D9-4572-AE78-C0DC3EF524F5}.Release|x86.ActiveCfg = Release|Win32
		{80BDFF39-C2D9-4572-AE78-C0DC3EF524F5}.Release|x86.Build.0 = Release|Win32
		{2FF5F15C-865E-4BB8-9820-700A046F5C0B}.Debug|x64.ActiveCfg = Debug|x64
		{2FF5F15C-865E-4BB8-9820-700A046F5C0B}.Debug|x64.Build.0 = Debug|x64
		{2FF5F15C-865E-4BB8-9820-700A046F5C0B}.Debug|x86.ActiveCfg = Debug|Win32
		{2FF5F15C-865E-4BB8-9820-700A046F5C0B}.Debug|x86.Build.0 = Debug|Win32
		{2FF5F15C-865E-4BB8-9820-700A046F5C0B}.Release|x64.ActiveCfg = Release|x64
		{2FF5F15C-865E-4BB8-9820-700A046F5C0B}.Release|x64.Build.0 = Release|x64
		{2FF5F15C-865E-4BB8-9820-700A046F5C0B}.Release|x86.ActiveCfg = Release|Win32
		{2FF5F15C-865E-4BB8-9820-700A046F5C0B}.Release|x86.Build.0 = Release|Win32
		{D1D91F72-1EDC-47D6-8D4E-2221581D85FA}.Debug|x64.ActiveCfg = Debug|x64
		{D1D91F72-1EDC-47D6-8D4E-2221581D85FA}.Debug|x64.Build.0 = Debug|x64
		{D1D91F72-1EDC-47D6-8D4E-2221581D85FA}.Debug|x86.ActiveCfg = Debug|Win32
		{D1D91F72-1EDC-47D6-8D4E-2221581D85FA}.Debug|x86.Build.0 = Debug|Win32
		{D1D91F72-1EDC-47D6-8D4E-2221581D85FA}.Release|x64.ActiveCfg = Release|x64
		{D1D91F72-1EDC-47D6-8D4E-2221581D85FA}.Release|x64.Build.0 = Release|x64
		{D1D91F72-1EDC-47D6-8D4E-2221581D85FA}.Release|x86.ActiveCfg = Release|Win32
		{D1D91F72-1EDC-47D6-8D4E-2221581D85FA}.Release|x86.Build.0 = Release|Win32
		{DB29BE03-2D97-494E-95FD-8B580E890899}.Debug|x64.ActiveCfg = Debug|x64
		{DB29BE03-2D97-494E-95FD-8B580E890899}.Debug|x64.Build.0 = Debug|x64
		{DB29BE03-2D97-494E-95FD-8B580E890899}.Debug|x86.ActiveCfg = Debug|Win32
		{DB29BE03-2D97-494E-95FD-8B580E890899}.Debug|x86.Build.0 = Debug|Win32
		{DB29BE03-2D97-494E-95FD-8B580E890899}.Release|x64.ActiveCfg = Release|x64
		{DB29BE03-2D97-494E-95FD-8B580E890899}.Release|x64.Build.0 = Release|x64
		{DB29BE03-2D97-494E-95FD-8B580E890899}.Release|x86.ActiveCfg = Release|Win32
		{DB29BE03-2D97-494E-95FD-8B580E890899}.Release|x86.Build.0 = Release|Win32
		{79B4A022-3E85-463A-8453-4AC4C9F6B6D7}.Debug|x64.ActiveCfg = Debug|x64
		{79B4A022-3E85-463A-8453-4AC4C9F6B6D7}.Debug|x64.Build.0 = Debug|x64
		{79B4A022-3E85-463A-8453-4AC4C9F6B6D7}.Debug|x86.ActiveCfg = Debug|Win32
		{79B4A022-3E85-463A-8453-4AC4C9F6B6D7}.Debug|x86.Build.0 = Debug|Win32
		{79B4A022-3E85-463A-8453-4AC4C9F6B6D7}.Release|x64.ActiveCfg = Release|x64
		{79B4A022-3E85-463A-8453-4AC4C9F6B6D7}.Release|x64.Build.0 = Release|x64
		{79B4A022-3E85-463A-8453-4AC4C9F6B6D7}.Release|x86.ActiveCfg = Release|Win32
		{79B4A022-3E85-463A-8453-4AC4C9F6B6D7}.Release|x86.Build.0 = Release|Win32
		{6A196D48-9182-4E78-9D38-69F71FE2B971}.Debug|x64.ActiveCfg = Debug|x64
		{6A196D48-9182-4E78-9D38-69F71FE2B971}.Debug|x64.Build.0 = Debug|x64
		{6A196D48-9182-4E78-9D38-69F71FE2B971}.Debug|x86.ActiveCfg = Debug|Win32
		{6A196D48-9182-4E78-9D38-69F71FE2B971}.Debug|x86.Build.0 = Debug|Win32
		{6A196D48-9182-4E78-9D38-69F71FE2B971}.Release|x64.ActiveCfg = Release|x64
		{6A196D48-9182-4E78-9D38-69F71FE2B971}.Release|x64.Build.0 = Release|x64
		{6A196D48-9182-4E78-9D38-69F71FE2B971}.Release|x86.ActiveCfg = Release|Win32
		{6A196D48-9182-4E78-9D38-69F71FE2B971}.Release|x86.Build.0 = Release|Win32
	EndGlobalSection
	GlobalSection(SolutionProperties) = preSolution
		HideSolutionNode = FALSE
	EndGlobalSection
	GlobalSection(NestedProjects) = preSolution
		{64B0559C-497F-47C6-B5FA-473912904522} = {72A7844A-494F-405B-8DD2-3AEACC5322ED}
		{A88486AD-4AB8-488B-AE1A-1D59D16109B9} = {64B0559C-497F-47C6-B5FA-473912904522}
		{A43895B5-B495-40BD-B4D0-9B7C51576402} = {64B0559C-497F-47C6-B5FA-473912904522}
		{75C0ED22-F030-4D28-BCC0-E2096C42C988} = {72A7844A-494F-405B-8DD2-3AEACC5322ED}
		{B94F6189-BEFA-441F-BFF4-A1FC68FD93E8} = {75C0ED22-F030-4D28-BCC0-E2096C42C988}
		{7CF7464F-5AC1-4396-9B8C-5010A456DC34} = {72A7844A-494F-405B-8DD2-3AEACC5322ED}
		{F727FA97-FC8D-490F-A5FB-514FD3E53EB6} = {7CF7464F-5AC1-4396-9B8C-5010A456DC34}
		{A0326BCD-983E-4CB9-B1AE-DFCDE54D2ADD} = {7CF7464F-5AC1-4396-9B8C-5010A456DC34}
		{9969CF36-5B15-4856-8E2C-B57B53D02C44} = {72A7844A-494F-405B-8DD2-3AEACC5322ED}
		{8DDA7D77-994C-4224-B89B-0195FE85C4A6} = {9969CF36-5B15-4856-8E2C-B57B53D02C44}
		{D3672A37-8B6A-4956-A500-7D13B23049AB} = {9969CF36-5B15-4856-8E2C-B57B53D02C44}
		{B0AB00EE-A9A6-4CC1-9EE7-ABF0C570A987} = {9969CF36-5B15-4856-8E2C-B57B53D02C44}
		{83B70119-EFD9-4353-A68B-0B529B46270C} = {72A7844A-494F-405B-8DD2-3AEACC5322ED}
		{80BDFF39-C2D9-4572-AE78-C0DC3EF524F5} = {83B70119-EFD9-4353-A68B-0B529B46270C}
		{2FF5F15C-865E-4BB8-9820-700A046F5C0B} = {83B70119-EFD9-4353-A68B-0B529B46270C}
		{933DD868-389E-4855-B4E1-AE57EC90059D} = {72A7844A-494F-405B-8DD2-3AEACC5322ED}
		{D1D91F72-1EDC-47D6-8D4E-2221581D85FA} = {933DD868-389E-4855-B4E1-AE57EC90059D}
		{DB29BE03-2D97-494E-95FD-8B580E890899} = {933DD868-389E-4855-B4E1-AE57EC90059D}
		{79B4A022-3E85-463A-8453-4AC4C9F6B6D7} = {39626E8D-24ED-43CB-9943-4C9B10550317}
		{6A196D48-9182-4E78-9D38-69F71FE2B971} = {00A1B285-7C18-4B1F-BBF5-B477FA732530}
	EndGlobalSection
	GlobalSection(ExtensibilityGlobals) = postSolution
		SolutionGuid = {8E33BCAD-4387-4A1F-98E7-278823DECA82}
	EndGlobalSection
EndGlobal
