
Microsoft Visual Studio Solution File, Format Version 12.00
# Visual Studio Version 16
VisualStudioVersion = 16.0.31605.320
MinimumVisualStudioVersion = 10.0.40219.1
Project("{2150E333-8FDC-42A3-9474-1A3956D46DE8}") = "ClassroomExercises", "ClassroomExercises", "{72A7844A-494F-405B-8DD2-3AEACC5322ED}"
EndProject
Project("{2150E333-8FDC-42A3-9474-1A3956D46DE8}") = "Week-01", "Week-01", "{64B0559C-497F-47C6-B5FA-473912904522}"
EndProject
Project("{8BC9CEB8-8B4A-11D0-8D11-00A0C91BC942}") = "problem1", "ClassroomExercises\Week-01\problem1\problem1.vcxproj", "{A88486AD-4AB8-488B-AE1A-1D59D16109B9}"
EndProject
Project("{8BC9CEB8-8B4A-11D0-8D11-00A0C91BC942}") = "problem2", "ClassroomExercises\Week-01\problem2\problem2.vcxproj", "{A43895B5-B495-40BD-B4D0-9B7C51576402}"
EndProject
Project("{2150E333-8FDC-42A3-9474-1A3956D46DE8}") = "Week-02", "Week-02", "{75C0ED22-F030-4D28-BCC0-E2096C42C988}"
EndProject
Project("{8BC9CEB8-8B4A-11D0-8D11-00A0C91BC942}") = "problem4", "ClassroomExercises\Week-02\problem4\problem4.vcxproj", "{B94F6189-BEFA-441F-BFF4-A1FC68FD93E8}"
EndProject
Project("{2150E333-8FDC-42A3-9474-1A3956D46DE8}") = "Week-03", "Week-03", "{7CF7464F-5AC1-4396-9B8C-5010A456DC34}"
EndProject
Project("{8BC9CEB8-8B4A-11D0-8D11-00A0C91BC942}") = "problem1", "ClassroomExercises\Week-03\problem1\problem1.vcxproj", "{F727FA97-FC8D-490F-A5FB-514FD3E53EB6}"
EndProject
Project("{8BC9CEB8-8B4A-11D0-8D11-00A0C91BC942}") = "problem2", "ClassroomExercises\Week-03\problem2\problem2.vcxproj", "{A0326BCD-983E-4CB9-B1AE-DFCDE54D2ADD}"
EndProject
Project("{2150E333-8FDC-42A3-9474-1A3956D46DE8}") = "Week-04", "Week-04", "{9969CF36-5B15-4856-8E2C-B57B53D02C44}"
EndProject
Project("{8BC9CEB8-8B4A-11D0-8D11-00A0C91BC942}") = "problem1", "ClassroomExercises\Week-04\problem1\problem1.vcxproj", "{8DDA7D77-994C-4224-B89B-0195FE85C4A6}"
EndProject
Global
	GlobalSection(SolutionConfigurationPlatforms) = preSolution
		Debug|x64 = Debug|x64
		Debug|x86 = Debug|x86
		Release|x64 = Release|x64
		Release|x86 = Release|x86
	EndGlobalSection
	GlobalSection(ProjectConfigurationPlatforms) = postSolution
		{A88486AD-4AB8-488B-AE1A-1D59D16109B9}.Debug|x64.ActiveCfg = Debug|x64
		{A88486AD-4AB8-488B-AE1A-1D59D16109B9}.Debug|x64.Build.0 = Debug|x64
		{A88486AD-4AB8-488B-AE1A-1D59D16109B9}.Debug|x86.ActiveCfg = Debug|Win32
		{A88486AD-4AB8-488B-AE1A-1D59D16109B9}.Debug|x86.Build.0 = Debug|Win32
		{A88486AD-4AB8-488B-AE1A-1D59D16109B9}.Release|x64.ActiveCfg = Release|x64
		{A88486AD-4AB8-488B-AE1A-1D59D16109B9}.Release|x64.Build.0 = Release|x64
		{A88486AD-4AB8-488B-AE1A-1D59D16109B9}.Release|x86.ActiveCfg = Release|Win32
		{A88486AD-4AB8-488B-AE1A-1D59D16109B9}.Release|x86.Build.0 = Release|Win32
		{A43895B5-B495-40BD-B4D0-9B7C51576402}.Debug|x64.ActiveCfg = Debug|x64
		{A43895B5-B495-40BD-B4D0-9B7C51576402}.Debug|x64.Build.0 = Debug|x64
		{A43895B5-B495-40BD-B4D0-9B7C51576402}.Debug|x86.ActiveCfg = Debug|Win32
		{A43895B5-B495-40BD-B4D0-9B7C51576402}.Debug|x86.Build.0 = Debug|Win32
		{A43895B5-B495-40BD-B4D0-9B7C51576402}.Release|x64.ActiveCfg = Release|x64
		{A43895B5-B495-40BD-B4D0-9B7C51576402}.Release|x64.Build.0 = Release|x64
		{A43895B5-B495-40BD-B4D0-9B7C51576402}.Release|x86.ActiveCfg = Release|Win32
		{A43895B5-B495-40BD-B4D0-9B7C51576402}.Release|x86.Build.0 = Release|Win32
		{B94F6189-BEFA-441F-BFF4-A1FC68FD93E8}.Debug|x64.ActiveCfg = Debug|x64
		{B94F6189-BEFA-441F-BFF4-A1FC68FD93E8}.Debug|x64.Build.0 = Debug|x64
		{B94F6189-BEFA-441F-BFF4-A1FC68FD93E8}.Debug|x86.ActiveCfg = Debug|Win32
		{B94F6189-BEFA-441F-BFF4-A1FC68FD93E8}.Debug|x86.Build.0 = Debug|Win32
		{B94F6189-BEFA-441F-BFF4-A1FC68FD93E8}.Release|x64.ActiveCfg = Release|x64
		{B94F6189-BEFA-441F-BFF4-A1FC68FD93E8}.Release|x64.Build.0 = Release|x64
		{B94F6189-BEFA-441F-BFF4-A1FC68FD93E8}.Release|x86.ActiveCfg = Release|Win32
		{B94F6189-BEFA-441F-BFF4-A1FC68FD93E8}.Release|x86.Build.0 = Release|Win32
		{F727FA97-FC8D-490F-A5FB-514FD3E53EB6}.Debug|x64.ActiveCfg = Debug|x64
		{F727FA97-FC8D-490F-A5FB-514FD3E53EB6}.Debug|x64.Build.0 = Debug|x64
		{F727FA97-FC8D-490F-A5FB-514FD3E53EB6}.Debug|x86.ActiveCfg = Debug|Win32
		{F727FA97-FC8D-490F-A5FB-514FD3E53EB6}.Debug|x86.Build.0 = Debug|Win32
		{F727FA97-FC8D-490F-A5FB-514FD3E53EB6}.Release|x64.ActiveCfg = Release|x64
		{F727FA97-FC8D-490F-A5FB-514FD3E53EB6}.Release|x64.Build.0 = Release|x64
		{F727FA97-FC8D-490F-A5FB-514FD3E53EB6}.Release|x86.ActiveCfg = Release|Win32
		{F727FA97-FC8D-490F-A5FB-514FD3E53EB6}.Release|x86.Build.0 = Release|Win32
		{A0326BCD-983E-4CB9-B1AE-DFCDE54D2ADD}.Debug|x64.ActiveCfg = Debug|x64
		{A0326BCD-983E-4CB9-B1AE-DFCDE54D2ADD}.Debug|x64.Build.0 = Debug|x64
		{A0326BCD-983E-4CB9-B1AE-DFCDE54D2ADD}.Debug|x86.ActiveCfg = Debug|Win32
		{A0326BCD-983E-4CB9-B1AE-DFCDE54D2ADD}.Debug|x86.Build.0 = Debug|Win32
		{A0326BCD-983E-4CB9-B1AE-DFCDE54D2ADD}.Release|x64.ActiveCfg = Release|x64
		{A0326BCD-983E-4CB9-B1AE-DFCDE54D2ADD}.Release|x64.Build.0 = Release|x64
		{A0326BCD-983E-4CB9-B1AE-DFCDE54D2ADD}.Release|x86.ActiveCfg = Release|Win32
		{A0326BCD-983E-4CB9-B1AE-DFCDE54D2ADD}.Release|x86.Build.0 = Release|Win32
		{8DDA7D77-994C-4224-B89B-0195FE85C4A6}.Debug|x64.ActiveCfg = Debug|x64
		{8DDA7D77-994C-4224-B89B-0195FE85C4A6}.Debug|x64.Build.0 = Debug|x64
		{8DDA7D77-994C-4224-B89B-0195FE85C4A6}.Debug|x86.ActiveCfg = Debug|Win32
		{8DDA7D77-994C-4224-B89B-0195FE85C4A6}.Debug|x86.Build.0 = Debug|Win32
		{8DDA7D77-994C-4224-B89B-0195FE85C4A6}.Release|x64.ActiveCfg = Release|x64
		{8DDA7D77-994C-4224-B89B-0195FE85C4A6}.Release|x64.Build.0 = Release|x64
		{8DDA7D77-994C-4224-B89B-0195FE85C4A6}.Release|x86.ActiveCfg = Release|Win32
		{8DDA7D77-994C-4224-B89B-0195FE85C4A6}.Release|x86.Build.0 = Release|Win32
	EndGlobalSection
	GlobalSection(SolutionProperties) = preSolution
		HideSolutionNode = FALSE
	EndGlobalSection
	GlobalSection(NestedProjects) = preSolution
		{64B0559C-497F-47C6-B5FA-473912904522} = {72A7844A-494F-405B-8DD2-3AEACC5322ED}
		{A88486AD-4AB8-488B-AE1A-1D59D16109B9} = {64B0559C-497F-47C6-B5FA-473912904522}
		{A43895B5-B495-40BD-B4D0-9B7C51576402} = {64B0559C-497F-47C6-B5FA-473912904522}
		{75C0ED22-F030-4D28-BCC0-E2096C42C988} = {72A7844A-494F-405B-8DD2-3AEACC5322ED}
		{B94F6189-BEFA-441F-BFF4-A1FC68FD93E8} = {75C0ED22-F030-4D28-BCC0-E2096C42C988}
		{7CF7464F-5AC1-4396-9B8C-5010A456DC34} = {72A7844A-494F-405B-8DD2-3AEACC5322ED}
		{F727FA97-FC8D-490F-A5FB-514FD3E53EB6} = {7CF7464F-5AC1-4396-9B8C-5010A456DC34}
		{A0326BCD-983E-4CB9-B1AE-DFCDE54D2ADD} = {7CF7464F-5AC1-4396-9B8C-5010A456DC34}
		{9969CF36-5B15-4856-8E2C-B57B53D02C44} = {72A7844A-494F-405B-8DD2-3AEACC5322ED}
		{8DDA7D77-994C-4224-B89B-0195FE85C4A6} = {9969CF36-5B15-4856-8E2C-B57B53D02C44}
	EndGlobalSection
	GlobalSection(ExtensibilityGlobals) = postSolution
		SolutionGuid = {8E33BCAD-4387-4A1F-98E7-278823DECA82}
	EndGlobalSection
EndGlobal
